
Microsoft Visual Studio Solution File, Format Version 12.00
# Visual Studio 15
VisualStudioVersion = 15.0.28307.136
MinimumVisualStudioVersion = 10.0.40219.1
Project("{FAE04EC0-301F-11D3-BF4B-00C04F79EFBC}") = "CIMS", "CIMS\CIMS.csproj", "{390B3AEE-CC7A-4EEB-B9B6-D0F7DC95C453}"
EndProject
Project("{FAE04EC0-301F-11D3-BF4B-00C04F79EFBC}") = "CIMS_CustomWorkflow", "CIMS_CustomWorkflow\CIMS_CustomWorkflow.csproj", "{0BC99C5A-1EDA-460A-95E9-AF94F31DBA81}"
EndProject
Project("{FAE04EC0-301F-11D3-BF4B-00C04F79EFBC}") = "CIMS_CW001_Candidate", "CIMS_CW_Candidate_AddAnInterviewer\CIMS_CW001_Candidate.csproj", "{CBC1D7A3-1F23-436B-9F5B-1B298EC816B6}"
EndProject
Project("{FAE04EC0-301F-11D3-BF4B-00C04F79EFBC}") = "CIMS_Models", "CIMS_Models\CIMS_Models.csproj", "{1BF24BA7-2173-4F26-8713-BAEA52CE0054}"
EndProject
Global
	GlobalSection(SolutionConfigurationPlatforms) = preSolution
		Debug|Any CPU = Debug|Any CPU
		Debug|ARM = Debug|ARM
		Debug|ARM64 = Debug|ARM64
		Debug|x64 = Debug|x64
		Debug|x86 = Debug|x86
		Release|Any CPU = Release|Any CPU
		Release|ARM = Release|ARM
		Release|ARM64 = Release|ARM64
		Release|x64 = Release|x64
		Release|x86 = Release|x86
	EndGlobalSection
	GlobalSection(ProjectConfigurationPlatforms) = postSolution
		{390B3AEE-CC7A-4EEB-B9B6-D0F7DC95C453}.Debug|Any CPU.ActiveCfg = Debug|Any CPU
		{390B3AEE-CC7A-4EEB-B9B6-D0F7DC95C453}.Debug|Any CPU.Build.0 = Debug|Any CPU
		{390B3AEE-CC7A-4EEB-B9B6-D0F7DC95C453}.Debug|ARM.ActiveCfg = Debug|Any CPU
		{390B3AEE-CC7A-4EEB-B9B6-D0F7DC95C453}.Debug|ARM.Build.0 = Debug|Any CPU
		{390B3AEE-CC7A-4EEB-B9B6-D0F7DC95C453}.Debug|ARM64.ActiveCfg = Debug|Any CPU
		{390B3AEE-CC7A-4EEB-B9B6-D0F7DC95C453}.Debug|ARM64.Build.0 = Debug|Any CPU
		{390B3AEE-CC7A-4EEB-B9B6-D0F7DC95C453}.Debug|x64.ActiveCfg = Debug|Any CPU
		{390B3AEE-CC7A-4EEB-B9B6-D0F7DC95C453}.Debug|x64.Build.0 = Debug|Any CPU
		{390B3AEE-CC7A-4EEB-B9B6-D0F7DC95C453}.Debug|x86.ActiveCfg = Debug|Any CPU
		{390B3AEE-CC7A-4EEB-B9B6-D0F7DC95C453}.Debug|x86.Build.0 = Debug|Any CPU
		{390B3AEE-CC7A-4EEB-B9B6-D0F7DC95C453}.Release|Any CPU.ActiveCfg = Release|Any CPU
		{390B3AEE-CC7A-4EEB-B9B6-D0F7DC95C453}.Release|Any CPU.Build.0 = Release|Any CPU
		{390B3AEE-CC7A-4EEB-B9B6-D0F7DC95C453}.Release|ARM.ActiveCfg = Release|Any CPU
		{390B3AEE-CC7A-4EEB-B9B6-D0F7DC95C453}.Release|ARM.Build.0 = Release|Any CPU
		{390B3AEE-CC7A-4EEB-B9B6-D0F7DC95C453}.Release|ARM64.ActiveCfg = Release|Any CPU
		{390B3AEE-CC7A-4EEB-B9B6-D0F7DC95C453}.Release|ARM64.Build.0 = Release|Any CPU
		{390B3AEE-CC7A-4EEB-B9B6-D0F7DC95C453}.Release|x64.ActiveCfg = Release|Any CPU
		{390B3AEE-CC7A-4EEB-B9B6-D0F7DC95C453}.Release|x64.Build.0 = Release|Any CPU
		{390B3AEE-CC7A-4EEB-B9B6-D0F7DC95C453}.Release|x86.ActiveCfg = Release|Any CPU
		{390B3AEE-CC7A-4EEB-B9B6-D0F7DC95C453}.Release|x86.Build.0 = Release|Any CPU
		{0BC99C5A-1EDA-460A-95E9-AF94F31DBA81}.Debug|Any CPU.ActiveCfg = Debug|Any CPU
		{0BC99C5A-1EDA-460A-95E9-AF94F31DBA81}.Debug|Any CPU.Build.0 = Debug|Any CPU
		{0BC99C5A-1EDA-460A-95E9-AF94F31DBA81}.Debug|ARM.ActiveCfg = Debug|Any CPU
		{0BC99C5A-1EDA-460A-95E9-AF94F31DBA81}.Debug|ARM.Build.0 = Debug|Any CPU
		{0BC99C5A-1EDA-460A-95E9-AF94F31DBA81}.Debug|ARM64.ActiveCfg = Debug|Any CPU
		{0BC99C5A-1EDA-460A-95E9-AF94F31DBA81}.Debug|ARM64.Build.0 = Debug|Any CPU
		{0BC99C5A-1EDA-460A-95E9-AF94F31DBA81}.Debug|x64.ActiveCfg = Debug|Any CPU
		{0BC99C5A-1EDA-460A-95E9-AF94F31DBA81}.Debug|x64.Build.0 = Debug|Any CPU
		{0BC99C5A-1EDA-460A-95E9-AF94F31DBA81}.Debug|x86.ActiveCfg = Debug|Any CPU
		{0BC99C5A-1EDA-460A-95E9-AF94F31DBA81}.Debug|x86.Build.0 = Debug|Any CPU
		{0BC99C5A-1EDA-460A-95E9-AF94F31DBA81}.Release|Any CPU.ActiveCfg = Release|Any CPU
		{0BC99C5A-1EDA-460A-95E9-AF94F31DBA81}.Release|Any CPU.Build.0 = Release|Any CPU
		{0BC99C5A-1EDA-460A-95E9-AF94F31DBA81}.Release|ARM.ActiveCfg = Release|Any CPU
		{0BC99C5A-1EDA-460A-95E9-AF94F31DBA81}.Release|ARM.Build.0 = Release|Any CPU
		{0BC99C5A-1EDA-460A-95E9-AF94F31DBA81}.Release|ARM64.ActiveCfg = Release|Any CPU
		{0BC99C5A-1EDA-460A-95E9-AF94F31DBA81}.Release|ARM64.Build.0 = Release|Any CPU
		{0BC99C5A-1EDA-460A-95E9-AF94F31DBA81}.Release|x64.ActiveCfg = Release|Any CPU
		{0BC99C5A-1EDA-460A-95E9-AF94F31DBA81}.Release|x64.Build.0 = Release|Any CPU
		{0BC99C5A-1EDA-460A-95E9-AF94F31DBA81}.Release|x86.ActiveCfg = Release|Any CPU
		{0BC99C5A-1EDA-460A-95E9-AF94F31DBA81}.Release|x86.Build.0 = Release|Any CPU
		{CBC1D7A3-1F23-436B-9F5B-1B298EC816B6}.Debug|Any CPU.ActiveCfg = Debug|Any CPU
		{CBC1D7A3-1F23-436B-9F5B-1B298EC816B6}.Debug|Any CPU.Build.0 = Debug|Any CPU
		{CBC1D7A3-1F23-436B-9F5B-1B298EC816B6}.Debug|ARM.ActiveCfg = Debug|Any CPU
		{CBC1D7A3-1F23-436B-9F5B-1B298EC816B6}.Debug|ARM.Build.0 = Debug|Any CPU
		{CBC1D7A3-1F23-436B-9F5B-1B298EC816B6}.Debug|ARM64.ActiveCfg = Debug|Any CPU
		{CBC1D7A3-1F23-436B-9F5B-1B298EC816B6}.Debug|ARM64.Build.0 = Debug|Any CPU
		{CBC1D7A3-1F23-436B-9F5B-1B298EC816B6}.Debug|x64.ActiveCfg = Debug|Any CPU
		{CBC1D7A3-1F23-436B-9F5B-1B298EC816B6}.Debug|x64.Build.0 = Debug|Any CPU
		{CBC1D7A3-1F23-436B-9F5B-1B298EC816B6}.Debug|x86.ActiveCfg = Debug|Any CPU
		{CBC1D7A3-1F23-436B-9F5B-1B298EC816B6}.Debug|x86.Build.0 = Debug|Any CPU
		{CBC1D7A3-1F23-436B-9F5B-1B298EC816B6}.Release|Any CPU.ActiveCfg = Release|Any CPU
		{CBC1D7A3-1F23-436B-9F5B-1B298EC816B6}.Release|Any CPU.Build.0 = Release|Any CPU
		{CBC1D7A3-1F23-436B-9F5B-1B298EC816B6}.Release|ARM.ActiveCfg = Release|Any CPU
		{CBC1D7A3-1F23-436B-9F5B-1B298EC816B6}.Release|ARM.Build.0 = Release|Any CPU
		{CBC1D7A3-1F23-436B-9F5B-1B298EC816B6}.Release|ARM64.ActiveCfg = Release|Any CPU
		{CBC1D7A3-1F23-436B-9F5B-1B298EC816B6}.Release|ARM64.Build.0 = Release|Any CPU
		{CBC1D7A3-1F23-436B-9F5B-1B298EC816B6}.Release|x64.ActiveCfg = Release|Any CPU
		{CBC1D7A3-1F23-436B-9F5B-1B298EC816B6}.Release|x64.Build.0 = Release|Any CPU
		{CBC1D7A3-1F23-436B-9F5B-1B298EC816B6}.Release|x86.ActiveCfg = Release|Any CPU
		{CBC1D7A3-1F23-436B-9F5B-1B298EC816B6}.Release|x86.Build.0 = Release|Any CPU
		{1BF24BA7-2173-4F26-8713-BAEA52CE0054}.Debug|Any CPU.ActiveCfg = Debug|Any CPU
		{1BF24BA7-2173-4F26-8713-BAEA52CE0054}.Debug|Any CPU.Build.0 = Debug|Any CPU
		{1BF24BA7-2173-4F26-8713-BAEA52CE0054}.Debug|ARM.ActiveCfg = Debug|Any CPU
		{1BF24BA7-2173-4F26-8713-BAEA52CE0054}.Debug|ARM.Build.0 = Debug|Any CPU
		{1BF24BA7-2173-4F26-8713-BAEA52CE0054}.Debug|ARM64.ActiveCfg = Debug|Any CPU
		{1BF24BA7-2173-4F26-8713-BAEA52CE0054}.Debug|ARM64.Build.0 = Debug|Any CPU
		{1BF24BA7-2173-4F26-8713-BAEA52CE0054}.Debug|x64.ActiveCfg = Debug|Any CPU
		{1BF24BA7-2173-4F26-8713-BAEA52CE0054}.Debug|x64.Build.0 = Debug|Any CPU
		{1BF24BA7-2173-4F26-8713-BAEA52CE0054}.Debug|x86.ActiveCfg = Debug|Any CPU
		{1BF24BA7-2173-4F26-8713-BAEA52CE0054}.Debug|x86.Build.0 = Debug|Any CPU
		{1BF24BA7-2173-4F26-8713-BAEA52CE0054}.Release|Any CPU.ActiveCfg = Release|Any CPU
		{1BF24BA7-2173-4F26-8713-BAEA52CE0054}.Release|Any CPU.Build.0 = Release|Any CPU
		{1BF24BA7-2173-4F26-8713-BAEA52CE0054}.Release|ARM.ActiveCfg = Release|Any CPU
		{1BF24BA7-2173-4F26-8713-BAEA52CE0054}.Release|ARM.Build.0 = Release|Any CPU
		{1BF24BA7-2173-4F26-8713-BAEA52CE0054}.Release|ARM64.ActiveCfg = Release|Any CPU
		{1BF24BA7-2173-4F26-8713-BAEA52CE0054}.Release|ARM64.Build.0 = Release|Any CPU
		{1BF24BA7-2173-4F26-8713-BAEA52CE0054}.Release|x64.ActiveCfg = Release|Any CPU
		{1BF24BA7-2173-4F26-8713-BAEA52CE0054}.Release|x64.Build.0 = Release|Any CPU
		{1BF24BA7-2173-4F26-8713-BAEA52CE0054}.Release|x86.ActiveCfg = Release|Any CPU
		{1BF24BA7-2173-4F26-8713-BAEA52CE0054}.Release|x86.Build.0 = Release|Any CPU
	EndGlobalSection
	GlobalSection(SolutionProperties) = preSolution
		HideSolutionNode = FALSE
	EndGlobalSection
	GlobalSection(ExtensibilityGlobals) = postSolution
		SolutionGuid = {DB55A412-1065-4C0A-B943-6A482BE2E2E2}
	EndGlobalSection
EndGlobal
